
Microsoft Visual Studio Solution File, Format Version 12.00
# Visual Studio Version 17
VisualStudioVersion = 17.6.33723.286
MinimumVisualStudioVersion = 10.0.40219.1
Project("{FAE04EC0-301F-11D3-BF4B-00C04F79EFBC}") = "ATM", "Lab01-ATM\ATM.csproj", "{DF1FB917-6347-4CDB-9997-8417EF076A2F}"
EndProject
Project("{2150E333-8FDC-42A3-9474-1A3956D46DE8}") = "Solution Items", "Solution Items", "{1187D6E0-255D-41AE-B82D-B6BE496D7729}"
	ProjectSection(SolutionItems) = preProject
		README.md = README.md
	EndProjectSection
EndProject
Project("{FAE04EC0-301F-11D3-BF4B-00C04F79EFBC}") = "TestAtm2", "TestAtm2\TestAtm2.csproj", "{D2023022-B9E2-4B6A-B945-E958CD0BBA76}"
EndProject
Global
	GlobalSection(SolutionConfigurationPlatforms) = preSolution
		Debug|Any CPU = Debug|Any CPU
		Release|Any CPU = Release|Any CPU
	EndGlobalSection
	GlobalSection(ProjectConfigurationPlatforms) = postSolution
		{DF1FB917-6347-4CDB-9997-8417EF076A2F}.Debug|Any CPU.ActiveCfg = Debug|Any CPU
		{DF1FB917-6347-4CDB-9997-8417EF076A2F}.Debug|Any CPU.Build.0 = Debug|Any CPU
		{DF1FB917-6347-4CDB-9997-8417EF076A2F}.Release|Any CPU.ActiveCfg = Release|Any CPU
		{DF1FB917-6347-4CDB-9997-8417EF076A2F}.Release|Any CPU.Build.0 = Release|Any CPU
		{D2023022-B9E2-4B6A-B945-E958CD0BBA76}.Debug|Any CPU.ActiveCfg = Debug|Any CPU
		{D2023022-B9E2-4B6A-B945-E958CD0BBA76}.Debug|Any CPU.Build.0 = Debug|Any CPU
		{D2023022-B9E2-4B6A-B945-E958CD0BBA76}.Release|Any CPU.ActiveCfg = Release|Any CPU
		{D2023022-B9E2-4B6A-B945-E958CD0BBA76}.Release|Any CPU.Build.0 = Release|Any CPU
	EndGlobalSection
	GlobalSection(SolutionProperties) = preSolution
		HideSolutionNode = FALSE
	EndGlobalSection
	GlobalSection(ExtensibilityGlobals) = postSolution
		SolutionGuid = {B5A58E45-42FE-46CA-A740-E1C3DFB0C9F2}
	EndGlobalSection
EndGlobal
